
Microsoft Visual Studio Solution File, Format Version 12.00
# Visual Studio Version 16
VisualStudioVersion = 16.0.809.1
MinimumVisualStudioVersion = 10.0.40219.1
Project("{FAE04EC0-301F-11D3-BF4B-00C04F79EFBC}") = "Foreground.Android", "Foreground.Android\Foreground.Android.csproj", "{66E8C6A1-D545-4CBC-A34A-B1D9E76416A6}"
EndProject
Project("{FAE04EC0-301F-11D3-BF4B-00C04F79EFBC}") = "Foreground.iOS", "Foreground.iOS\Foreground.iOS.csproj", "{33F03341-D772-4D71-B93F-4DA9DC411358}"
EndProject
Project("{FAE04EC0-301F-11D3-BF4B-00C04F79EFBC}") = "Foreground", "Foreground\Foreground.csproj", "{B123222C-7324-4363-92C2-F152F1DFC9CD}"
EndProject
Global
	GlobalSection(SolutionConfigurationPlatforms) = preSolution
		Debug|Any CPU = Debug|Any CPU
		Release|Any CPU = Release|Any CPU
		Debug|iPhoneSimulator = Debug|iPhoneSimulator
		Release|iPhoneSimulator = Release|iPhoneSimulator
		Debug|iPhone = Debug|iPhone
		Release|iPhone = Release|iPhone
	EndGlobalSection
	GlobalSection(ProjectConfigurationPlatforms) = postSolution
		{66E8C6A1-D545-4CBC-A34A-B1D9E76416A6}.Debug|Any CPU.ActiveCfg = Debug|Any CPU
		{66E8C6A1-D545-4CBC-A34A-B1D9E76416A6}.Debug|Any CPU.Build.0 = Debug|Any CPU
		{66E8C6A1-D545-4CBC-A34A-B1D9E76416A6}.Release|Any CPU.ActiveCfg = Release|Any CPU
		{66E8C6A1-D545-4CBC-A34A-B1D9E76416A6}.Release|Any CPU.Build.0 = Release|Any CPU
		{66E8C6A1-D545-4CBC-A34A-B1D9E76416A6}.Debug|iPhoneSimulator.ActiveCfg = Debug|Any CPU
		{66E8C6A1-D545-4CBC-A34A-B1D9E76416A6}.Debug|iPhoneSimulator.Build.0 = Debug|Any CPU
		{66E8C6A1-D545-4CBC-A34A-B1D9E76416A6}.Release|iPhoneSimulator.ActiveCfg = Release|Any CPU
		{66E8C6A1-D545-4CBC-A34A-B1D9E76416A6}.Release|iPhoneSimulator.Build.0 = Release|Any CPU
		{66E8C6A1-D545-4CBC-A34A-B1D9E76416A6}.Debug|iPhone.ActiveCfg = Debug|Any CPU
		{66E8C6A1-D545-4CBC-A34A-B1D9E76416A6}.Debug|iPhone.Build.0 = Debug|Any CPU
		{66E8C6A1-D545-4CBC-A34A-B1D9E76416A6}.Release|iPhone.ActiveCfg = Release|Any CPU
		{66E8C6A1-D545-4CBC-A34A-B1D9E76416A6}.Release|iPhone.Build.0 = Release|Any CPU
		{33F03341-D772-4D71-B93F-4DA9DC411358}.Debug|Any CPU.ActiveCfg = Debug|iPhoneSimulator
		{33F03341-D772-4D71-B93F-4DA9DC411358}.Debug|Any CPU.Build.0 = Debug|iPhoneSimulator
		{33F03341-D772-4D71-B93F-4DA9DC411358}.Release|Any CPU.ActiveCfg = Release|iPhoneSimulator
		{33F03341-D772-4D71-B93F-4DA9DC411358}.Release|Any CPU.Build.0 = Release|iPhoneSimulator
		{33F03341-D772-4D71-B93F-4DA9DC411358}.Debug|iPhoneSimulator.ActiveCfg = Debug|iPhoneSimulator
		{33F03341-D772-4D71-B93F-4DA9DC411358}.Debug|iPhoneSimulator.Build.0 = Debug|iPhoneSimulator
		{33F03341-D772-4D71-B93F-4DA9DC411358}.Release|iPhoneSimulator.ActiveCfg = Release|iPhoneSimulator
		{33F03341-D772-4D71-B93F-4DA9DC411358}.Release|iPhoneSimulator.Build.0 = Release|iPhoneSimulator
		{33F03341-D772-4D71-B93F-4DA9DC411358}.Debug|iPhone.ActiveCfg = Debug|iPhone
		{33F03341-D772-4D71-B93F-4DA9DC411358}.Debug|iPhone.Build.0 = Debug|iPhone
		{33F03341-D772-4D71-B93F-4DA9DC411358}.Release|iPhone.ActiveCfg = Release|iPhone
		{33F03341-D772-4D71-B93F-4DA9DC411358}.Release|iPhone.Build.0 = Release|iPhone
		{B123222C-7324-4363-92C2-F152F1DFC9CD}.Debug|Any CPU.ActiveCfg = Debug|Any CPU
		{B123222C-7324-4363-92C2-F152F1DFC9CD}.Debug|Any CPU.Build.0 = Debug|Any CPU
		{B123222C-7324-4363-92C2-F152F1DFC9CD}.Release|Any CPU.ActiveCfg = Release|Any CPU
		{B123222C-7324-4363-92C2-F152F1DFC9CD}.Release|Any CPU.Build.0 = Release|Any CPU
		{B123222C-7324-4363-92C2-F152F1DFC9CD}.Debug|iPhoneSimulator.ActiveCfg = Debug|Any CPU
		{B123222C-7324-4363-92C2-F152F1DFC9CD}.Debug|iPhoneSimulator.Build.0 = Debug|Any CPU
		{B123222C-7324-4363-92C2-F152F1DFC9CD}.Release|iPhoneSimulator.ActiveCfg = Release|Any CPU
		{B123222C-7324-4363-92C2-F152F1DFC9CD}.Release|iPhoneSimulator.Build.0 = Release|Any CPU
		{B123222C-7324-4363-92C2-F152F1DFC9CD}.Debug|iPhone.ActiveCfg = Debug|Any CPU
		{B123222C-7324-4363-92C2-F152F1DFC9CD}.Debug|iPhone.Build.0 = Debug|Any CPU
		{B123222C-7324-4363-92C2-F152F1DFC9CD}.Release|iPhone.ActiveCfg = Release|Any CPU
		{B123222C-7324-4363-92C2-F152F1DFC9CD}.Release|iPhone.Build.0 = Release|Any CPU
	EndGlobalSection
	GlobalSection(SolutionProperties) = preSolution
		HideSolutionNode = FALSE
	EndGlobalSection
	GlobalSection(ExtensibilityGlobals) = postSolution
		SolutionGuid = {BE09BD07-6707-41BE-8150-6A6E1880144E}
	EndGlobalSection
EndGlobal
